
Microsoft Visual Studio Solution File, Format Version 12.00
# Visual Studio Version 16
VisualStudioVersion = 16.0.29709.97
MinimumVisualStudioVersion = 10.0.40219.1
Project("{FAE04EC0-301F-11D3-BF4B-00C04F79EFBC}") = "NRulesTest", "NRulesTest\NRulesTest.csproj", "{2C97A16D-1215-4D6C-9058-983E2B38B68C}"
EndProject
Global
	GlobalSection(SolutionConfigurationPlatforms) = preSolution
		Debug|Any CPU = Debug|Any CPU
		Release|Any CPU = Release|Any CPU
	EndGlobalSection
	GlobalSection(ProjectConfigurationPlatforms) = postSolution
		{2C97A16D-1215-4D6C-9058-983E2B38B68C}.Debug|Any CPU.ActiveCfg = Debug|Any CPU
		{2C97A16D-1215-4D6C-9058-983E2B38B68C}.Debug|Any CPU.Build.0 = Debug|Any CPU
		{2C97A16D-1215-4D6C-9058-983E2B38B68C}.Release|Any CPU.ActiveCfg = Release|Any CPU
		{2C97A16D-1215-4D6C-9058-983E2B38B68C}.Release|Any CPU.Build.0 = Release|Any CPU
	EndGlobalSection
	GlobalSection(SolutionProperties) = preSolution
		HideSolutionNode = FALSE
	EndGlobalSection
	GlobalSection(ExtensibilityGlobals) = postSolution
		SolutionGuid = {E49CA03C-EE44-4ABD-AF39-877B5945CF74}
	EndGlobalSection
EndGlobal
